
Microsoft Visual Studio Solution File, Format Version 12.00
Project("{FAE04EC0-301F-11D3-BF4B-00C04F79EFBC}") = "InventorySystem", "InventorySystem\InventorySystem.csproj", "{9B81BAA9-6C41-40A8-9BB5-98E36542DB90}"
EndProject
Global
	GlobalSection(SolutionConfigurationPlatforms) = preSolution
		Debug|Any CPU = Debug|Any CPU
		Release|Any CPU = Release|Any CPU
	EndGlobalSection
	GlobalSection(ProjectConfigurationPlatforms) = postSolution
		{9B81BAA9-6C41-40A8-9BB5-98E36542DB90}.Debug|Any CPU.ActiveCfg = Debug|Any CPU
		{9B81BAA9-6C41-40A8-9BB5-98E36542DB90}.Debug|Any CPU.Build.0 = Debug|Any CPU
		{9B81BAA9-6C41-40A8-9BB5-98E36542DB90}.Release|Any CPU.ActiveCfg = Release|Any CPU
		{9B81BAA9-6C41-40A8-9BB5-98E36542DB90}.Release|Any CPU.Build.0 = Release|Any CPU
	EndGlobalSection
EndGlobal
